// !$*UTF8*$!
{
	archiveVersion = 1;
	classes = {
	};
	objectVersion = 50;
	objects = {

/* Begin PBXBuildFile section */
		F0521D56259B76DF000EEFE3 /* Resource.swift in Sources */ = {isa = PBXBuildFile; fileRef = F0521D55259B76DF000EEFE3 /* Resource.swift */; };
		F0521D5F259B7773000EEFE3 /* RemoteResourceLoader.swift in Sources */ = {isa = PBXBuildFile; fileRef = F0521D5E259B7773000EEFE3 /* RemoteResourceLoader.swift */; };
		F0521D64259B7863000EEFE3 /* RemoteResourceLoaderTests.swift in Sources */ = {isa = PBXBuildFile; fileRef = F0521D63259B7863000EEFE3 /* RemoteResourceLoaderTests.swift */; };
		F0521D6C259BCE11000EEFE3 /* HTTPClient.swift in Sources */ = {isa = PBXBuildFile; fileRef = F0521D6B259BCE11000EEFE3 /* HTTPClient.swift */; };
		F0521D71259BCE3D000EEFE3 /* ListMapper.swift in Sources */ = {isa = PBXBuildFile; fileRef = F0521D70259BCE3D000EEFE3 /* ListMapper.swift */; };
		F0521D81259BD55C000EEFE3 /* ResourceItemProtocol.swift in Sources */ = {isa = PBXBuildFile; fileRef = F0521D80259BD55C000EEFE3 /* ResourceItemProtocol.swift */; };
		F0521D89259BDA73000EEFE3 /* URLSessionHTTPClientTests.swift in Sources */ = {isa = PBXBuildFile; fileRef = F0521D88259BDA73000EEFE3 /* URLSessionHTTPClientTests.swift */; };
		F0521D91259C0B96000EEFE3 /* URLSessionHTTPClient.swift in Sources */ = {isa = PBXBuildFile; fileRef = F0521D90259C0B96000EEFE3 /* URLSessionHTTPClient.swift */; };
		F0521D96259C1095000EEFE3 /* APIEndToEndTests.swift in Sources */ = {isa = PBXBuildFile; fileRef = F0521D95259C1095000EEFE3 /* APIEndToEndTests.swift */; };
		F0521D9C259CA667000EEFE3 /* Coordinator.swift in Sources */ = {isa = PBXBuildFile; fileRef = F0521D9B259CA667000EEFE3 /* Coordinator.swift */; };
		F0521DA4259CA6C5000EEFE3 /* ApplicationCoordinator.swift in Sources */ = {isa = PBXBuildFile; fileRef = F0521DA3259CA6C5000EEFE3 /* ApplicationCoordinator.swift */; };
		F0521DAA259CA98E000EEFE3 /* ViewCodeProtocol.swift in Sources */ = {isa = PBXBuildFile; fileRef = F0521DA9259CA98E000EEFE3 /* ViewCodeProtocol.swift */; };
		F07643E8259B69ED00ADC552 /* AppDelegate.swift in Sources */ = {isa = PBXBuildFile; fileRef = F07643E7259B69ED00ADC552 /* AppDelegate.swift */; };
		F07643EC259B69ED00ADC552 /* ViewController.swift in Sources */ = {isa = PBXBuildFile; fileRef = F07643EB259B69ED00ADC552 /* ViewController.swift */; };
		F07643F1259B69EE00ADC552 /* Assets.xcassets in Resources */ = {isa = PBXBuildFile; fileRef = F07643F0259B69EE00ADC552 /* Assets.xcassets */; };
		F07643F4259B69EE00ADC552 /* LaunchScreen.storyboard in Resources */ = {isa = PBXBuildFile; fileRef = F07643F2259B69EE00ADC552 /* LaunchScreen.storyboard */; };
		F076440A259B69EE00ADC552 /* PokedexUITests.swift in Sources */ = {isa = PBXBuildFile; fileRef = F0764409259B69EE00ADC552 /* PokedexUITests.swift */; };
		F0FBA35A259CADEB007FF264 /* ListViewModel.swift in Sources */ = {isa = PBXBuildFile; fileRef = F0FBA359259CADEB007FF264 /* ListViewModel.swift */; };
		F0FBA35F259CAE71007FF264 /* ListViewModelTests.swift in Sources */ = {isa = PBXBuildFile; fileRef = F0FBA35E259CAE71007FF264 /* ListViewModelTests.swift */; };
/* End PBXBuildFile section */

/* Begin PBXContainerItemProxy section */
		F07643FB259B69EE00ADC552 /* PBXContainerItemProxy */ = {
			isa = PBXContainerItemProxy;
			containerPortal = F07643DC259B69EC00ADC552 /* Project object */;
			proxyType = 1;
			remoteGlobalIDString = F07643E3259B69EC00ADC552;
			remoteInfo = Pokedex;
		};
		F0764406259B69EE00ADC552 /* PBXContainerItemProxy */ = {
			isa = PBXContainerItemProxy;
			containerPortal = F07643DC259B69EC00ADC552 /* Project object */;
			proxyType = 1;
			remoteGlobalIDString = F07643E3259B69EC00ADC552;
			remoteInfo = Pokedex;
		};
/* End PBXContainerItemProxy section */

/* Begin PBXFileReference section */
		F0521D55259B76DF000EEFE3 /* Resource.swift */ = {isa = PBXFileReference; lastKnownFileType = sourcecode.swift; path = Resource.swift; sourceTree = "<group>"; };
		F0521D5E259B7773000EEFE3 /* RemoteResourceLoader.swift */ = {isa = PBXFileReference; lastKnownFileType = sourcecode.swift; path = RemoteResourceLoader.swift; sourceTree = "<group>"; };
		F0521D63259B7863000EEFE3 /* RemoteResourceLoaderTests.swift */ = {isa = PBXFileReference; lastKnownFileType = sourcecode.swift; path = RemoteResourceLoaderTests.swift; sourceTree = "<group>"; };
		F0521D6B259BCE11000EEFE3 /* HTTPClient.swift */ = {isa = PBXFileReference; lastKnownFileType = sourcecode.swift; path = HTTPClient.swift; sourceTree = "<group>"; };
		F0521D70259BCE3D000EEFE3 /* ListMapper.swift */ = {isa = PBXFileReference; lastKnownFileType = sourcecode.swift; path = ListMapper.swift; sourceTree = "<group>"; };
		F0521D80259BD55C000EEFE3 /* ResourceItemProtocol.swift */ = {isa = PBXFileReference; lastKnownFileType = sourcecode.swift; path = ResourceItemProtocol.swift; sourceTree = "<group>"; };
		F0521D88259BDA73000EEFE3 /* URLSessionHTTPClientTests.swift */ = {isa = PBXFileReference; lastKnownFileType = sourcecode.swift; path = URLSessionHTTPClientTests.swift; sourceTree = "<group>"; };
		F0521D90259C0B96000EEFE3 /* URLSessionHTTPClient.swift */ = {isa = PBXFileReference; lastKnownFileType = sourcecode.swift; path = URLSessionHTTPClient.swift; sourceTree = "<group>"; };
		F0521D95259C1095000EEFE3 /* APIEndToEndTests.swift */ = {isa = PBXFileReference; lastKnownFileType = sourcecode.swift; path = APIEndToEndTests.swift; sourceTree = "<group>"; };
		F0521D9B259CA667000EEFE3 /* Coordinator.swift */ = {isa = PBXFileReference; lastKnownFileType = sourcecode.swift; path = Coordinator.swift; sourceTree = "<group>"; };
		F0521DA3259CA6C5000EEFE3 /* ApplicationCoordinator.swift */ = {isa = PBXFileReference; lastKnownFileType = sourcecode.swift; path = ApplicationCoordinator.swift; sourceTree = "<group>"; };
		F0521DA9259CA98E000EEFE3 /* ViewCodeProtocol.swift */ = {isa = PBXFileReference; lastKnownFileType = sourcecode.swift; path = ViewCodeProtocol.swift; sourceTree = "<group>"; };
		F07643E4259B69EC00ADC552 /* Pokedex.app */ = {isa = PBXFileReference; explicitFileType = wrapper.application; includeInIndex = 0; path = Pokedex.app; sourceTree = BUILT_PRODUCTS_DIR; };
		F07643E7259B69ED00ADC552 /* AppDelegate.swift */ = {isa = PBXFileReference; lastKnownFileType = sourcecode.swift; path = AppDelegate.swift; sourceTree = "<group>"; };
		F07643EB259B69ED00ADC552 /* ViewController.swift */ = {isa = PBXFileReference; lastKnownFileType = sourcecode.swift; path = ViewController.swift; sourceTree = "<group>"; };
		F07643F0259B69EE00ADC552 /* Assets.xcassets */ = {isa = PBXFileReference; lastKnownFileType = folder.assetcatalog; path = Assets.xcassets; sourceTree = "<group>"; };
		F07643F3259B69EE00ADC552 /* Base */ = {isa = PBXFileReference; lastKnownFileType = file.storyboard; name = Base; path = Base.lproj/LaunchScreen.storyboard; sourceTree = "<group>"; };
		F07643F5259B69EE00ADC552 /* Info.plist */ = {isa = PBXFileReference; lastKnownFileType = text.plist.xml; path = Info.plist; sourceTree = "<group>"; };
		F07643FA259B69EE00ADC552 /* PokedexTests.xctest */ = {isa = PBXFileReference; explicitFileType = wrapper.cfbundle; includeInIndex = 0; path = PokedexTests.xctest; sourceTree = BUILT_PRODUCTS_DIR; };
		F0764400259B69EE00ADC552 /* Info.plist */ = {isa = PBXFileReference; lastKnownFileType = text.plist.xml; path = Info.plist; sourceTree = "<group>"; };
		F0764405259B69EE00ADC552 /* PokedexUITests.xctest */ = {isa = PBXFileReference; explicitFileType = wrapper.cfbundle; includeInIndex = 0; path = PokedexUITests.xctest; sourceTree = BUILT_PRODUCTS_DIR; };
		F0764409259B69EE00ADC552 /* PokedexUITests.swift */ = {isa = PBXFileReference; lastKnownFileType = sourcecode.swift; path = PokedexUITests.swift; sourceTree = "<group>"; };
		F076440B259B69EE00ADC552 /* Info.plist */ = {isa = PBXFileReference; lastKnownFileType = text.plist.xml; path = Info.plist; sourceTree = "<group>"; };
		F0FBA359259CADEB007FF264 /* ListViewModel.swift */ = {isa = PBXFileReference; lastKnownFileType = sourcecode.swift; path = ListViewModel.swift; sourceTree = "<group>"; };
		F0FBA35E259CAE71007FF264 /* ListViewModelTests.swift */ = {isa = PBXFileReference; lastKnownFileType = sourcecode.swift; path = ListViewModelTests.swift; sourceTree = "<group>"; };
/* End PBXFileReference section */

/* Begin PBXFrameworksBuildPhase section */
		F07643E1259B69EC00ADC552 /* Frameworks */ = {
			isa = PBXFrameworksBuildPhase;
			buildActionMask = 2147483647;
			files = (
			);
			runOnlyForDeploymentPostprocessing = 0;
		};
		F07643F7259B69EE00ADC552 /* Frameworks */ = {
			isa = PBXFrameworksBuildPhase;
			buildActionMask = 2147483647;
			files = (
			);
			runOnlyForDeploymentPostprocessing = 0;
		};
		F0764402259B69EE00ADC552 /* Frameworks */ = {
			isa = PBXFrameworksBuildPhase;
			buildActionMask = 2147483647;
			files = (
			);
			runOnlyForDeploymentPostprocessing = 0;
		};
/* End PBXFrameworksBuildPhase section */

/* Begin PBXGroup section */
		F0521D50259B754E000EEFE3 /* Models */ = {
			isa = PBXGroup;
			children = (
				F0521D55259B76DF000EEFE3 /* Resource.swift */,
			);
			path = Models;
			sourceTree = "<group>";
		};
		F0521D51259B7556000EEFE3 /* View */ = {
			isa = PBXGroup;
			children = (
				F07643EB259B69ED00ADC552 /* ViewController.swift */,
				F0521DA9259CA98E000EEFE3 /* ViewCodeProtocol.swift */,
			);
			path = View;
			sourceTree = "<group>";
		};
		F0521D5D259B7761000EEFE3 /* APILoader */ = {
			isa = PBXGroup;
			children = (
				F0521D5E259B7773000EEFE3 /* RemoteResourceLoader.swift */,
				F0521D6B259BCE11000EEFE3 /* HTTPClient.swift */,
				F0521D70259BCE3D000EEFE3 /* ListMapper.swift */,
				F0521D90259C0B96000EEFE3 /* URLSessionHTTPClient.swift */,
			);
			path = APILoader;
			sourceTree = "<group>";
		};
		F0521D75259BD2B1000EEFE3 /* ResourceAPI */ = {
			isa = PBXGroup;
			children = (
				F0521D63259B7863000EEFE3 /* RemoteResourceLoaderTests.swift */,
				F0521D88259BDA73000EEFE3 /* URLSessionHTTPClientTests.swift */,
				F0521D95259C1095000EEFE3 /* APIEndToEndTests.swift */,
				F0FBA35E259CAE71007FF264 /* ListViewModelTests.swift */,
			);
			path = ResourceAPI;
			sourceTree = "<group>";
		};
		F0521D7F259BD546000EEFE3 /* ResourceItem */ = {
			isa = PBXGroup;
			children = (
				F0521D80259BD55C000EEFE3 /* ResourceItemProtocol.swift */,
			);
			path = ResourceItem;
			sourceTree = "<group>";
		};
		F0521D9A259CA65D000EEFE3 /* Coordinator */ = {
			isa = PBXGroup;
			children = (
				F0521D9B259CA667000EEFE3 /* Coordinator.swift */,
				F0521DA3259CA6C5000EEFE3 /* ApplicationCoordinator.swift */,
			);
			path = Coordinator;
			sourceTree = "<group>";
		};
		F0521DA8259CA8AB000EEFE3 /* ViewModel */ = {
			isa = PBXGroup;
			children = (
				F0FBA359259CADEB007FF264 /* ListViewModel.swift */,
			);
			path = ViewModel;
			sourceTree = "<group>";
		};
		F07643DB259B69EC00ADC552 = {
			isa = PBXGroup;
			children = (
				F07643E6259B69EC00ADC552 /* Pokedex */,
				F07643FD259B69EE00ADC552 /* PokedexTests */,
				F0764408259B69EE00ADC552 /* PokedexUITests */,
				F07643E5259B69EC00ADC552 /* Products */,
			);
			sourceTree = "<group>";
		};
		F07643E5259B69EC00ADC552 /* Products */ = {
			isa = PBXGroup;
			children = (
				F07643E4259B69EC00ADC552 /* Pokedex.app */,
				F07643FA259B69EE00ADC552 /* PokedexTests.xctest */,
				F0764405259B69EE00ADC552 /* PokedexUITests.xctest */,
			);
			name = Products;
			sourceTree = "<group>";
		};
		F07643E6259B69EC00ADC552 /* Pokedex */ = {
			isa = PBXGroup;
			children = (
				F0521D50259B754E000EEFE3 /* Models */,
				F0521D51259B7556000EEFE3 /* View */,
				F0521DA8259CA8AB000EEFE3 /* ViewModel */,
				F0521D9A259CA65D000EEFE3 /* Coordinator */,
				F0521D7F259BD546000EEFE3 /* ResourceItem */,
				F0521D5D259B7761000EEFE3 /* APILoader */,
				F07643E7259B69ED00ADC552 /* AppDelegate.swift */,
				F07643F0259B69EE00ADC552 /* Assets.xcassets */,
				F07643F2259B69EE00ADC552 /* LaunchScreen.storyboard */,
				F07643F5259B69EE00ADC552 /* Info.plist */,
			);
			path = Pokedex;
			sourceTree = "<group>";
		};
		F07643FD259B69EE00ADC552 /* PokedexTests */ = {
			isa = PBXGroup;
			children = (
				F0764400259B69EE00ADC552 /* Info.plist */,
				F0521D75259BD2B1000EEFE3 /* ResourceAPI */,
			);
			path = PokedexTests;
			sourceTree = "<group>";
		};
		F0764408259B69EE00ADC552 /* PokedexUITests */ = {
			isa = PBXGroup;
			children = (
				F0764409259B69EE00ADC552 /* PokedexUITests.swift */,
				F076440B259B69EE00ADC552 /* Info.plist */,
			);
			path = PokedexUITests;
			sourceTree = "<group>";
		};
/* End PBXGroup section */

/* Begin PBXNativeTarget section */
		F07643E3259B69EC00ADC552 /* Pokedex */ = {
			isa = PBXNativeTarget;
			buildConfigurationList = F076440E259B69EE00ADC552 /* Build configuration list for PBXNativeTarget "Pokedex" */;
			buildPhases = (
				F07643E0259B69EC00ADC552 /* Sources */,
				F07643E1259B69EC00ADC552 /* Frameworks */,
				F07643E2259B69EC00ADC552 /* Resources */,
			);
			buildRules = (
			);
			dependencies = (
			);
			name = Pokedex;
			productName = Pokedex;
			productReference = F07643E4259B69EC00ADC552 /* Pokedex.app */;
			productType = "com.apple.product-type.application";
		};
		F07643F9259B69EE00ADC552 /* PokedexTests */ = {
			isa = PBXNativeTarget;
			buildConfigurationList = F0764411259B69EE00ADC552 /* Build configuration list for PBXNativeTarget "PokedexTests" */;
			buildPhases = (
				F07643F6259B69EE00ADC552 /* Sources */,
				F07643F7259B69EE00ADC552 /* Frameworks */,
				F07643F8259B69EE00ADC552 /* Resources */,
			);
			buildRules = (
			);
			dependencies = (
				F07643FC259B69EE00ADC552 /* PBXTargetDependency */,
			);
			name = PokedexTests;
			productName = PokedexTests;
			productReference = F07643FA259B69EE00ADC552 /* PokedexTests.xctest */;
			productType = "com.apple.product-type.bundle.unit-test";
		};
		F0764404259B69EE00ADC552 /* PokedexUITests */ = {
			isa = PBXNativeTarget;
			buildConfigurationList = F0764414259B69EE00ADC552 /* Build configuration list for PBXNativeTarget "PokedexUITests" */;
			buildPhases = (
				F0764401259B69EE00ADC552 /* Sources */,
				F0764402259B69EE00ADC552 /* Frameworks */,
				F0764403259B69EE00ADC552 /* Resources */,
			);
			buildRules = (
			);
			dependencies = (
				F0764407259B69EE00ADC552 /* PBXTargetDependency */,
			);
			name = PokedexUITests;
			productName = PokedexUITests;
			productReference = F0764405259B69EE00ADC552 /* PokedexUITests.xctest */;
			productType = "com.apple.product-type.bundle.ui-testing";
		};
/* End PBXNativeTarget section */

/* Begin PBXProject section */
		F07643DC259B69EC00ADC552 /* Project object */ = {
			isa = PBXProject;
			attributes = {
				LastSwiftUpdateCheck = 1230;
				LastUpgradeCheck = 1230;
				TargetAttributes = {
					F07643E3259B69EC00ADC552 = {
						CreatedOnToolsVersion = 12.3;
					};
					F07643F9259B69EE00ADC552 = {
						CreatedOnToolsVersion = 12.3;
						TestTargetID = F07643E3259B69EC00ADC552;
					};
					F0764404259B69EE00ADC552 = {
						CreatedOnToolsVersion = 12.3;
						TestTargetID = F07643E3259B69EC00ADC552;
					};
				};
			};
			buildConfigurationList = F07643DF259B69EC00ADC552 /* Build configuration list for PBXProject "Pokedex" */;
			compatibilityVersion = "Xcode 9.3";
			developmentRegion = en;
			hasScannedForEncodings = 0;
			knownRegions = (
				en,
				Base,
			);
			mainGroup = F07643DB259B69EC00ADC552;
			productRefGroup = F07643E5259B69EC00ADC552 /* Products */;
			projectDirPath = "";
			projectRoot = "";
			targets = (
				F07643E3259B69EC00ADC552 /* Pokedex */,
				F07643F9259B69EE00ADC552 /* PokedexTests */,
				F0764404259B69EE00ADC552 /* PokedexUITests */,
			);
		};
/* End PBXProject section */

/* Begin PBXResourcesBuildPhase section */
		F07643E2259B69EC00ADC552 /* Resources */ = {
			isa = PBXResourcesBuildPhase;
			buildActionMask = 2147483647;
			files = (
				F07643F4259B69EE00ADC552 /* LaunchScreen.storyboard in Resources */,
				F07643F1259B69EE00ADC552 /* Assets.xcassets in Resources */,
			);
			runOnlyForDeploymentPostprocessing = 0;
		};
		F07643F8259B69EE00ADC552 /* Resources */ = {
			isa = PBXResourcesBuildPhase;
			buildActionMask = 2147483647;
			files = (
			);
			runOnlyForDeploymentPostprocessing = 0;
		};
		F0764403259B69EE00ADC552 /* Resources */ = {
			isa = PBXResourcesBuildPhase;
			buildActionMask = 2147483647;
			files = (
			);
			runOnlyForDeploymentPostprocessing = 0;
		};
/* End PBXResourcesBuildPhase section */

/* Begin PBXSourcesBuildPhase section */
		F07643E0259B69EC00ADC552 /* Sources */ = {
			isa = PBXSourcesBuildPhase;
			buildActionMask = 2147483647;
			files = (
				F07643EC259B69ED00ADC552 /* ViewController.swift in Sources */,
				F0521D6C259BCE11000EEFE3 /* HTTPClient.swift in Sources */,
				F0FBA35A259CADEB007FF264 /* ListViewModel.swift in Sources */,
				F0521D81259BD55C000EEFE3 /* ResourceItemProtocol.swift in Sources */,
				F0521D91259C0B96000EEFE3 /* URLSessionHTTPClient.swift in Sources */,
				F0521D71259BCE3D000EEFE3 /* ListMapper.swift in Sources */,
				F0521DA4259CA6C5000EEFE3 /* ApplicationCoordinator.swift in Sources */,
				F0521DAA259CA98E000EEFE3 /* ViewCodeProtocol.swift in Sources */,
				F0521D56259B76DF000EEFE3 /* Resource.swift in Sources */,
				F0521D5F259B7773000EEFE3 /* RemoteResourceLoader.swift in Sources */,
				F07643E8259B69ED00ADC552 /* AppDelegate.swift in Sources */,
				F0521D9C259CA667000EEFE3 /* Coordinator.swift in Sources */,
			);
			runOnlyForDeploymentPostprocessing = 0;
		};
		F07643F6259B69EE00ADC552 /* Sources */ = {
			isa = PBXSourcesBuildPhase;
			buildActionMask = 2147483647;
			files = (
				F0521D64259B7863000EEFE3 /* RemoteResourceLoaderTests.swift in Sources */,
				F0521D96259C1095000EEFE3 /* APIEndToEndTests.swift in Sources */,
				F0FBA35F259CAE71007FF264 /* ListViewModelTests.swift in Sources */,
				F0521D89259BDA73000EEFE3 /* URLSessionHTTPClientTests.swift in Sources */,
			);
			runOnlyForDeploymentPostprocessing = 0;
		};
		F0764401259B69EE00ADC552 /* Sources */ = {
			isa = PBXSourcesBuildPhase;
			buildActionMask = 2147483647;
			files = (
				F076440A259B69EE00ADC552 /* PokedexUITests.swift in Sources */,
			);
			runOnlyForDeploymentPostprocessing = 0;
		};
/* End PBXSourcesBuildPhase section */

/* Begin PBXTargetDependency section */
		F07643FC259B69EE00ADC552 /* PBXTargetDependency */ = {
			isa = PBXTargetDependency;
			target = F07643E3259B69EC00ADC552 /* Pokedex */;
			targetProxy = F07643FB259B69EE00ADC552 /* PBXContainerItemProxy */;
		};
		F0764407259B69EE00ADC552 /* PBXTargetDependency */ = {
			isa = PBXTargetDependency;
			target = F07643E3259B69EC00ADC552 /* Pokedex */;
			targetProxy = F0764406259B69EE00ADC552 /* PBXContainerItemProxy */;
		};
/* End PBXTargetDependency section */

/* Begin PBXVariantGroup section */
		F07643F2259B69EE00ADC552 /* LaunchScreen.storyboard */ = {
			isa = PBXVariantGroup;
			children = (
				F07643F3259B69EE00ADC552 /* Base */,
			);
			name = LaunchScreen.storyboard;
			sourceTree = "<group>";
		};
/* End PBXVariantGroup section */

/* Begin XCBuildConfiguration section */
		F076440C259B69EE00ADC552 /* Debug */ = {
			isa = XCBuildConfiguration;
			buildSettings = {
				ALWAYS_SEARCH_USER_PATHS = NO;
				CLANG_ANALYZER_NONNULL = YES;
				CLANG_ANALYZER_NUMBER_OBJECT_CONVERSION = YES_AGGRESSIVE;
				CLANG_CXX_LANGUAGE_STANDARD = "gnu++14";
				CLANG_CXX_LIBRARY = "libc++";
				CLANG_ENABLE_MODULES = YES;
				CLANG_ENABLE_OBJC_ARC = YES;
				CLANG_ENABLE_OBJC_WEAK = YES;
				CLANG_WARN_BLOCK_CAPTURE_AUTORELEASING = YES;
				CLANG_WARN_BOOL_CONVERSION = YES;
				CLANG_WARN_COMMA = YES;
				CLANG_WARN_CONSTANT_CONVERSION = YES;
				CLANG_WARN_DEPRECATED_OBJC_IMPLEMENTATIONS = YES;
				CLANG_WARN_DIRECT_OBJC_ISA_USAGE = YES_ERROR;
				CLANG_WARN_DOCUMENTATION_COMMENTS = YES;
				CLANG_WARN_EMPTY_BODY = YES;
				CLANG_WARN_ENUM_CONVERSION = YES;
				CLANG_WARN_INFINITE_RECURSION = YES;
				CLANG_WARN_INT_CONVERSION = YES;
				CLANG_WARN_NON_LITERAL_NULL_CONVERSION = YES;
				CLANG_WARN_OBJC_IMPLICIT_RETAIN_SELF = YES;
				CLANG_WARN_OBJC_LITERAL_CONVERSION = YES;
				CLANG_WARN_OBJC_ROOT_CLASS = YES_ERROR;
				CLANG_WARN_QUOTED_INCLUDE_IN_FRAMEWORK_HEADER = YES;
				CLANG_WARN_RANGE_LOOP_ANALYSIS = YES;
				CLANG_WARN_STRICT_PROTOTYPES = YES;
				CLANG_WARN_SUSPICIOUS_MOVE = YES;
				CLANG_WARN_UNGUARDED_AVAILABILITY = YES_AGGRESSIVE;
				CLANG_WARN_UNREACHABLE_CODE = YES;
				CLANG_WARN__DUPLICATE_METHOD_MATCH = YES;
				COPY_PHASE_STRIP = NO;
				DEBUG_INFORMATION_FORMAT = dwarf;
				ENABLE_STRICT_OBJC_MSGSEND = YES;
				ENABLE_TESTABILITY = YES;
				GCC_C_LANGUAGE_STANDARD = gnu11;
				GCC_DYNAMIC_NO_PIC = NO;
				GCC_NO_COMMON_BLOCKS = YES;
				GCC_OPTIMIZATION_LEVEL = 0;
				GCC_PREPROCESSOR_DEFINITIONS = (
					"DEBUG=1",
					"$(inherited)",
				);
				GCC_WARN_64_TO_32_BIT_CONVERSION = YES;
				GCC_WARN_ABOUT_RETURN_TYPE = YES_ERROR;
				GCC_WARN_UNDECLARED_SELECTOR = YES;
				GCC_WARN_UNINITIALIZED_AUTOS = YES_AGGRESSIVE;
				GCC_WARN_UNUSED_FUNCTION = YES;
				GCC_WARN_UNUSED_VARIABLE = YES;
				IPHONEOS_DEPLOYMENT_TARGET = 14.3;
				MTL_ENABLE_DEBUG_INFO = INCLUDE_SOURCE;
				MTL_FAST_MATH = YES;
				ONLY_ACTIVE_ARCH = YES;
				SDKROOT = iphoneos;
				SWIFT_ACTIVE_COMPILATION_CONDITIONS = DEBUG;
				SWIFT_OPTIMIZATION_LEVEL = "-Onone";
			};
			name = Debug;
		};
		F076440D259B69EE00ADC552 /* Release */ = {
			isa = XCBuildConfiguration;
			buildSettings = {
				ALWAYS_SEARCH_USER_PATHS = NO;
				CLANG_ANALYZER_NONNULL = YES;
				CLANG_ANALYZER_NUMBER_OBJECT_CONVERSION = YES_AGGRESSIVE;
				CLANG_CXX_LANGUAGE_STANDARD = "gnu++14";
				CLANG_CXX_LIBRARY = "libc++";
				CLANG_ENABLE_MODULES = YES;
				CLANG_ENABLE_OBJC_ARC = YES;
				CLANG_ENABLE_OBJC_WEAK = YES;
				CLANG_WARN_BLOCK_CAPTURE_AUTORELEASING = YES;
				CLANG_WARN_BOOL_CONVERSION = YES;
				CLANG_WARN_COMMA = YES;
				CLANG_WARN_CONSTANT_CONVERSION = YES;
				CLANG_WARN_DEPRECATED_OBJC_IMPLEMENTATIONS = YES;
				CLANG_WARN_DIRECT_OBJC_ISA_USAGE = YES_ERROR;
				CLANG_WARN_DOCUMENTATION_COMMENTS = YES;
				CLANG_WARN_EMPTY_BODY = YES;
				CLANG_WARN_ENUM_CONVERSION = YES;
				CLANG_WARN_INFINITE_RECURSION = YES;
				CLANG_WARN_INT_CONVERSION = YES;
				CLANG_WARN_NON_LITERAL_NULL_CONVERSION = YES;
				CLANG_WARN_OBJC_IMPLICIT_RETAIN_SELF = YES;
				CLANG_WARN_OBJC_LITERAL_CONVERSION = YES;
				CLANG_WARN_OBJC_ROOT_CLASS = YES_ERROR;
				CLANG_WARN_QUOTED_INCLUDE_IN_FRAMEWORK_HEADER = YES;
				CLANG_WARN_RANGE_LOOP_ANALYSIS = YES;
				CLANG_WARN_STRICT_PROTOTYPES = YES;
				CLANG_WARN_SUSPICIOUS_MOVE = YES;
				CLANG_WARN_UNGUARDED_AVAILABILITY = YES_AGGRESSIVE;
				CLANG_WARN_UNREACHABLE_CODE = YES;
				CLANG_WARN__DUPLICATE_METHOD_MATCH = YES;
				COPY_PHASE_STRIP = NO;
				DEBUG_INFORMATION_FORMAT = "dwarf-with-dsym";
				ENABLE_NS_ASSERTIONS = NO;
				ENABLE_STRICT_OBJC_MSGSEND = YES;
				GCC_C_LANGUAGE_STANDARD = gnu11;
				GCC_NO_COMMON_BLOCKS = YES;
				GCC_WARN_64_TO_32_BIT_CONVERSION = YES;
				GCC_WARN_ABOUT_RETURN_TYPE = YES_ERROR;
				GCC_WARN_UNDECLARED_SELECTOR = YES;
				GCC_WARN_UNINITIALIZED_AUTOS = YES_AGGRESSIVE;
				GCC_WARN_UNUSED_FUNCTION = YES;
				GCC_WARN_UNUSED_VARIABLE = YES;
				IPHONEOS_DEPLOYMENT_TARGET = 14.3;
				MTL_ENABLE_DEBUG_INFO = NO;
				MTL_FAST_MATH = YES;
				SDKROOT = iphoneos;
				SWIFT_COMPILATION_MODE = wholemodule;
				SWIFT_OPTIMIZATION_LEVEL = "-O";
				VALIDATE_PRODUCT = YES;
			};
			name = Release;
		};
		F076440F259B69EE00ADC552 /* Debug */ = {
			isa = XCBuildConfiguration;
			buildSettings = {
				ASSETCATALOG_COMPILER_APPICON_NAME = AppIcon;
				ASSETCATALOG_COMPILER_GLOBAL_ACCENT_COLOR_NAME = AccentColor;
				CODE_SIGN_STYLE = Automatic;
				DEVELOPMENT_TEAM = 2N3RYCHZN3;
				INFOPLIST_FILE = Pokedex/Info.plist;
				LD_RUNPATH_SEARCH_PATHS = (
					"$(inherited)",
					"@executable_path/Frameworks",
				);
				PRODUCT_BUNDLE_IDENTIFIER = br.com.2eg.Pokedex;
				PRODUCT_NAME = "$(TARGET_NAME)";
				SWIFT_VERSION = 5.0;
				TARGETED_DEVICE_FAMILY = "1,2";
			};
			name = Debug;
		};
		F0764410259B69EE00ADC552 /* Release */ = {
			isa = XCBuildConfiguration;
			buildSettings = {
				ASSETCATALOG_COMPILER_APPICON_NAME = AppIcon;
				ASSETCATALOG_COMPILER_GLOBAL_ACCENT_COLOR_NAME = AccentColor;
				CODE_SIGN_STYLE = Automatic;
				DEVELOPMENT_TEAM = 2N3RYCHZN3;
				INFOPLIST_FILE = Pokedex/Info.plist;
				LD_RUNPATH_SEARCH_PATHS = (
					"$(inherited)",
					"@executable_path/Frameworks",
				);
				PRODUCT_BUNDLE_IDENTIFIER = br.com.2eg.Pokedex;
				PRODUCT_NAME = "$(TARGET_NAME)";
				SWIFT_VERSION = 5.0;
				TARGETED_DEVICE_FAMILY = "1,2";
			};
			name = Release;
		};
		F0764412259B69EE00ADC552 /* Debug */ = {
			isa = XCBuildConfiguration;
			buildSettings = {
				ALWAYS_EMBED_SWIFT_STANDARD_LIBRARIES = YES;
				BUNDLE_LOADER = "$(TEST_HOST)";
				CODE_SIGN_STYLE = Automatic;
				DEVELOPMENT_TEAM = 2N3RYCHZN3;
				INFOPLIST_FILE = PokedexTests/Info.plist;
				IPHONEOS_DEPLOYMENT_TARGET = 14.3;
				LD_RUNPATH_SEARCH_PATHS = (
					"$(inherited)",
					"@executable_path/Frameworks",
					"@loader_path/Frameworks",
				);
				PRODUCT_BUNDLE_IDENTIFIER = br.com.2eg.PokedexTests;
				PRODUCT_NAME = "$(TARGET_NAME)";
				SWIFT_VERSION = 5.0;
				TARGETED_DEVICE_FAMILY = "1,2";
				TEST_HOST = "$(BUILT_PRODUCTS_DIR)/Pokedex.app/Pokedex";
			};
			name = Debug;
		};
		F0764413259B69EE00ADC552 /* Release */ = {
			isa = XCBuildConfiguration;
			buildSettings = {
				ALWAYS_EMBED_SWIFT_STANDARD_LIBRARIES = YES;
				BUNDLE_LOADER = "$(TEST_HOST)";
				CODE_SIGN_STYLE = Automatic;
				DEVELOPMENT_TEAM = 2N3RYCHZN3;
				INFOPLIST_FILE = PokedexTests/Info.plist;
				IPHONEOS_DEPLOYMENT_TARGET = 14.3;
				LD_RUNPATH_SEARCH_PATHS = (
					"$(inherited)",
					"@executable_path/Frameworks",
					"@loader_path/Frameworks",
				);
				PRODUCT_BUNDLE_IDENTIFIER = br.com.2eg.PokedexTests;
				PRODUCT_NAME = "$(TARGET_NAME)";
				SWIFT_VERSION = 5.0;
				TARGETED_DEVICE_FAMILY = "1,2";
				TEST_HOST = "$(BUILT_PRODUCTS_DIR)/Pokedex.app/Pokedex";
			};
			name = Release;
		};
		F0764415259B69EE00ADC552 /* Debug */ = {
			isa = XCBuildConfiguration;
			buildSettings = {
				ALWAYS_EMBED_SWIFT_STANDARD_LIBRARIES = YES;
				CODE_SIGN_STYLE = Automatic;
				DEVELOPMENT_TEAM = 2N3RYCHZN3;
				INFOPLIST_FILE = PokedexUITests/Info.plist;
				LD_RUNPATH_SEARCH_PATHS = (
					"$(inherited)",
					"@executable_path/Frameworks",
					"@loader_path/Frameworks",
				);
				PRODUCT_BUNDLE_IDENTIFIER = br.com.2eg.PokedexUITests;
				PRODUCT_NAME = "$(TARGET_NAME)";
				SWIFT_VERSION = 5.0;
				TARGETED_DEVICE_FAMILY = "1,2";
				TEST_TARGET_NAME = Pokedex;
			};
			name = Debug;
		};
		F0764416259B69EE00ADC552 /* Release */ = {
			isa = XCBuildConfiguration;
			buildSettings = {
				ALWAYS_EMBED_SWIFT_STANDARD_LIBRARIES = YES;
				CODE_SIGN_STYLE = Automatic;
				DEVELOPMENT_TEAM = 2N3RYCHZN3;
				INFOPLIST_FILE = PokedexUITests/Info.plist;
				LD_RUNPATH_SEARCH_PATHS = (
					"$(inherited)",
					"@executable_path/Frameworks",
					"@loader_path/Frameworks",
				);
				PRODUCT_BUNDLE_IDENTIFIER = br.com.2eg.PokedexUITests;
				PRODUCT_NAME = "$(TARGET_NAME)";
				SWIFT_VERSION = 5.0;
				TARGETED_DEVICE_FAMILY = "1,2";
				TEST_TARGET_NAME = Pokedex;
			};
			name = Release;
		};
/* End XCBuildConfiguration section */

/* Begin XCConfigurationList section */
		F07643DF259B69EC00ADC552 /* Build configuration list for PBXProject "Pokedex" */ = {
			isa = XCConfigurationList;
			buildConfigurations = (
				F076440C259B69EE00ADC552 /* Debug */,
				F076440D259B69EE00ADC552 /* Release */,
			);
			defaultConfigurationIsVisible = 0;
			defaultConfigurationName = Release;
		};
		F076440E259B69EE00ADC552 /* Build configuration list for PBXNativeTarget "Pokedex" */ = {
			isa = XCConfigurationList;
			buildConfigurations = (
				F076440F259B69EE00ADC552 /* Debug */,
				F0764410259B69EE00ADC552 /* Release */,
			);
			defaultConfigurationIsVisible = 0;
			defaultConfigurationName = Release;
		};
		F0764411259B69EE00ADC552 /* Build configuration list for PBXNativeTarget "PokedexTests" */ = {
			isa = XCConfigurationList;
			buildConfigurations = (
				F0764412259B69EE00ADC552 /* Debug */,
				F0764413259B69EE00ADC552 /* Release */,
			);
			defaultConfigurationIsVisible = 0;
			defaultConfigurationName = Release;
		};
		F0764414259B69EE00ADC552 /* Build configuration list for PBXNativeTarget "PokedexUITests" */ = {
			isa = XCConfigurationList;
			buildConfigurations = (
				F0764415259B69EE00ADC552 /* Debug */,
				F0764416259B69EE00ADC552 /* Release */,
			);
			defaultConfigurationIsVisible = 0;
			defaultConfigurationName = Release;
		};
/* End XCConfigurationList section */
	};
	rootObject = F07643DC259B69EC00ADC552 /* Project object */;
}
